
Microsoft Visual Studio Solution File, Format Version 12.00
# Visual Studio Version 17
VisualStudioVersion = 17.13.35818.85 d17.13
MinimumVisualStudioVersion = 10.0.40219.1
Project("{FAE04EC0-301F-11D3-BF4B-00C04F79EFBC}") = "StudentsMVCapp", "StudentsMVCapp\StudentsMVCapp.csproj", "{236FA079-4482-4F56-9BFC-8DA4AE6E4EAC}"
EndProject
Global
	GlobalSection(SolutionConfigurationPlatforms) = preSolution
		Debug|Any CPU = Debug|Any CPU
		Release|Any CPU = Release|Any CPU
	EndGlobalSection
	GlobalSection(ProjectConfigurationPlatforms) = postSolution
		{236FA079-4482-4F56-9BFC-8DA4AE6E4EAC}.Debug|Any CPU.ActiveCfg = Debug|Any CPU
		{236FA079-4482-4F56-9BFC-8DA4AE6E4EAC}.Debug|Any CPU.Build.0 = Debug|Any CPU
		{236FA079-4482-4F56-9BFC-8DA4AE6E4EAC}.Release|Any CPU.ActiveCfg = Release|Any CPU
		{236FA079-4482-4F56-9BFC-8DA4AE6E4EAC}.Release|Any CPU.Build.0 = Release|Any CPU
	EndGlobalSection
	GlobalSection(SolutionProperties) = preSolution
		HideSolutionNode = FALSE
	EndGlobalSection
	GlobalSection(ExtensibilityGlobals) = postSolution
		SolutionGuid = {85419618-AF18-4862-AD51-0DDD9AB5E0C2}
	EndGlobalSection
EndGlobal
