
Microsoft Visual Studio Solution File, Format Version 12.00
# Visual Studio Version 17
VisualStudioVersion = 17.13.35818.85 d17.13
MinimumVisualStudioVersion = 10.0.40219.1
Project("{FAE04EC0-301F-11D3-BF4B-00C04F79EFBC}") = "EFCodeFirstProject", "EFCodeFirstProject\EFCodeFirstProject.csproj", "{059B7347-02B3-4BFA-BB92-1C31EEC37B3C}"
EndProject
Global
	GlobalSection(SolutionConfigurationPlatforms) = preSolution
		Debug|Any CPU = Debug|Any CPU
		Release|Any CPU = Release|Any CPU
	EndGlobalSection
	GlobalSection(ProjectConfigurationPlatforms) = postSolution
		{059B7347-02B3-4BFA-BB92-1C31EEC37B3C}.Debug|Any CPU.ActiveCfg = Debug|Any CPU
		{059B7347-02B3-4BFA-BB92-1C31EEC37B3C}.Debug|Any CPU.Build.0 = Debug|Any CPU
		{059B7347-02B3-4BFA-BB92-1C31EEC37B3C}.Release|Any CPU.ActiveCfg = Release|Any CPU
		{059B7347-02B3-4BFA-BB92-1C31EEC37B3C}.Release|Any CPU.Build.0 = Release|Any CPU
	EndGlobalSection
	GlobalSection(SolutionProperties) = preSolution
		HideSolutionNode = FALSE
	EndGlobalSection
	GlobalSection(ExtensibilityGlobals) = postSolution
		SolutionGuid = {D25F0C8D-433B-4664-8026-A6A6CC416984}
	EndGlobalSection
EndGlobal
